
Microsoft Visual Studio Solution File, Format Version 12.00
# Visual Studio Version 16
VisualStudioVersion = 16.0.30114.105
MinimumVisualStudioVersion = 10.0.40219.1
Project("{FAE04EC0-301F-11D3-BF4B-00C04F79EFBC}") = "ChessApp", "ChessApp\ChessApp.csproj", "{E109DDDB-6FF7-4D1E-9A54-9964127F03D1}"
EndProject
Project("{9A19103F-16F7-4668-BE54-9A1E7A4F7556}") = "ChessEngine", "ChessEngine\ChessEngine.csproj", "{406B0762-7141-4C39-93D1-1036D5288CAB}"
EndProject
Project("{FAE04EC0-301F-11D3-BF4B-00C04F79EFBC}") = "UI", "UI\UI.csproj", "{35F8E2A7-52A7-44EE-AD1B-4986EABC6667}"
EndProject
Project("{9A19103F-16F7-4668-BE54-9A1E7A4F7556}") = "Game", "Game\Game.csproj", "{8A0E8F86-CC60-4A84-9DAB-9E98BD14DCED}"
EndProject
Project("{FAE04EC0-301F-11D3-BF4B-00C04F79EFBC}") = "ChessEngineTests", "ChessEngineTests\ChessEngineTests.csproj", "{E4DF42E6-3A3B-4107-BC3E-765C35C0C10E}"
	ProjectSection(ProjectDependencies) = postProject
		{406B0762-7141-4C39-93D1-1036D5288CAB} = {406B0762-7141-4C39-93D1-1036D5288CAB}
	EndProjectSection
EndProject
Global
	GlobalSection(SolutionConfigurationPlatforms) = preSolution
		Debug|Any CPU = Debug|Any CPU
		Release|Any CPU = Release|Any CPU
	EndGlobalSection
	GlobalSection(ProjectConfigurationPlatforms) = postSolution
		{E109DDDB-6FF7-4D1E-9A54-9964127F03D1}.Debug|Any CPU.ActiveCfg = Debug|Any CPU
		{E109DDDB-6FF7-4D1E-9A54-9964127F03D1}.Debug|Any CPU.Build.0 = Debug|Any CPU
		{E109DDDB-6FF7-4D1E-9A54-9964127F03D1}.Debug|Any CPU.Deploy.0 = Debug|Any CPU
		{E109DDDB-6FF7-4D1E-9A54-9964127F03D1}.Release|Any CPU.ActiveCfg = Release|Any CPU
		{E109DDDB-6FF7-4D1E-9A54-9964127F03D1}.Release|Any CPU.Build.0 = Release|Any CPU
		{E109DDDB-6FF7-4D1E-9A54-9964127F03D1}.Release|Any CPU.Deploy.0 = Release|Any CPU
		{406B0762-7141-4C39-93D1-1036D5288CAB}.Debug|Any CPU.ActiveCfg = Debug|Any CPU
		{406B0762-7141-4C39-93D1-1036D5288CAB}.Debug|Any CPU.Build.0 = Debug|Any CPU
		{406B0762-7141-4C39-93D1-1036D5288CAB}.Release|Any CPU.ActiveCfg = Release|Any CPU
		{406B0762-7141-4C39-93D1-1036D5288CAB}.Release|Any CPU.Build.0 = Release|Any CPU
		{35F8E2A7-52A7-44EE-AD1B-4986EABC6667}.Debug|Any CPU.ActiveCfg = Debug|Any CPU
		{35F8E2A7-52A7-44EE-AD1B-4986EABC6667}.Debug|Any CPU.Build.0 = Debug|Any CPU
		{35F8E2A7-52A7-44EE-AD1B-4986EABC6667}.Release|Any CPU.ActiveCfg = Release|Any CPU
		{35F8E2A7-52A7-44EE-AD1B-4986EABC6667}.Release|Any CPU.Build.0 = Release|Any CPU
		{8A0E8F86-CC60-4A84-9DAB-9E98BD14DCED}.Debug|Any CPU.ActiveCfg = Debug|Any CPU
		{8A0E8F86-CC60-4A84-9DAB-9E98BD14DCED}.Debug|Any CPU.Build.0 = Debug|Any CPU
		{8A0E8F86-CC60-4A84-9DAB-9E98BD14DCED}.Release|Any CPU.ActiveCfg = Release|Any CPU
		{8A0E8F86-CC60-4A84-9DAB-9E98BD14DCED}.Release|Any CPU.Build.0 = Release|Any CPU
		{E4DF42E6-3A3B-4107-BC3E-765C35C0C10E}.Debug|Any CPU.ActiveCfg = Debug|Any CPU
		{E4DF42E6-3A3B-4107-BC3E-765C35C0C10E}.Debug|Any CPU.Build.0 = Debug|Any CPU
		{E4DF42E6-3A3B-4107-BC3E-765C35C0C10E}.Release|Any CPU.ActiveCfg = Release|Any CPU
		{E4DF42E6-3A3B-4107-BC3E-765C35C0C10E}.Release|Any CPU.Build.0 = Release|Any CPU
	EndGlobalSection
	GlobalSection(SolutionProperties) = preSolution
		HideSolutionNode = FALSE
	EndGlobalSection
	GlobalSection(ExtensibilityGlobals) = postSolution
		SolutionGuid = {B3E23A15-5B3A-4C0A-963B-E7FE1F85DD2A}
	EndGlobalSection
EndGlobal
